
Microsoft Visual Studio Solution File, Format Version 12.00
# Visual Studio Version 17
VisualStudioVersion = 17.5.33627.172
MinimumVisualStudioVersion = 10.0.40219.1
Project("{FAE04EC0-301F-11D3-BF4B-00C04F79EFBC}") = "BEE1016", "BEE1016\BEE1016.csproj", "{C0DF1CCD-5EE7-4DA3-B559-8B5DFD292F6C}"
EndProject
Global
	GlobalSection(SolutionConfigurationPlatforms) = preSolution
		Debug|Any CPU = Debug|Any CPU
		Release|Any CPU = Release|Any CPU
	EndGlobalSection
	GlobalSection(ProjectConfigurationPlatforms) = postSolution
		{C0DF1CCD-5EE7-4DA3-B559-8B5DFD292F6C}.Debug|Any CPU.ActiveCfg = Debug|Any CPU
		{C0DF1CCD-5EE7-4DA3-B559-8B5DFD292F6C}.Debug|Any CPU.Build.0 = Debug|Any CPU
		{C0DF1CCD-5EE7-4DA3-B559-8B5DFD292F6C}.Release|Any CPU.ActiveCfg = Release|Any CPU
		{C0DF1CCD-5EE7-4DA3-B559-8B5DFD292F6C}.Release|Any CPU.Build.0 = Release|Any CPU
	EndGlobalSection
	GlobalSection(SolutionProperties) = preSolution
		HideSolutionNode = FALSE
	EndGlobalSection
	GlobalSection(ExtensibilityGlobals) = postSolution
		SolutionGuid = {7AB9CA90-4931-497A-A594-7760AD77E358}
	EndGlobalSection
EndGlobal
