
Microsoft Visual Studio Solution File, Format Version 12.00
# Visual Studio Version 17
VisualStudioVersion = 17.5.33627.172
MinimumVisualStudioVersion = 10.0.40219.1
Project("{FAE04EC0-301F-11D3-BF4B-00C04F79EFBC}") = "BEE1002", "BEE1002\BEE1002.csproj", "{0EC1EF29-9A62-41FB-8EDF-D57723C951E3}"
EndProject
Global
	GlobalSection(SolutionConfigurationPlatforms) = preSolution
		Debug|Any CPU = Debug|Any CPU
		Release|Any CPU = Release|Any CPU
	EndGlobalSection
	GlobalSection(ProjectConfigurationPlatforms) = postSolution
		{0EC1EF29-9A62-41FB-8EDF-D57723C951E3}.Debug|Any CPU.ActiveCfg = Debug|Any CPU
		{0EC1EF29-9A62-41FB-8EDF-D57723C951E3}.Debug|Any CPU.Build.0 = Debug|Any CPU
		{0EC1EF29-9A62-41FB-8EDF-D57723C951E3}.Release|Any CPU.ActiveCfg = Release|Any CPU
		{0EC1EF29-9A62-41FB-8EDF-D57723C951E3}.Release|Any CPU.Build.0 = Release|Any CPU
	EndGlobalSection
	GlobalSection(SolutionProperties) = preSolution
		HideSolutionNode = FALSE
	EndGlobalSection
	GlobalSection(ExtensibilityGlobals) = postSolution
		SolutionGuid = {65B78831-F63A-4DF9-8E3E-5D42EBBD9CAC}
	EndGlobalSection
EndGlobal
