
Microsoft Visual Studio Solution File, Format Version 12.00
# Visual Studio Version 17
VisualStudioVersion = 17.5.33627.172
MinimumVisualStudioVersion = 10.0.40219.1
Project("{FAE04EC0-301F-11D3-BF4B-00C04F79EFBC}") = "BEE1115", "BEE1115\BEE1115.csproj", "{A6CAE1A8-8D7E-4E40-97E4-4BC502C69411}"
EndProject
Global
	GlobalSection(SolutionConfigurationPlatforms) = preSolution
		Debug|Any CPU = Debug|Any CPU
		Release|Any CPU = Release|Any CPU
	EndGlobalSection
	GlobalSection(ProjectConfigurationPlatforms) = postSolution
		{A6CAE1A8-8D7E-4E40-97E4-4BC502C69411}.Debug|Any CPU.ActiveCfg = Debug|Any CPU
		{A6CAE1A8-8D7E-4E40-97E4-4BC502C69411}.Debug|Any CPU.Build.0 = Debug|Any CPU
		{A6CAE1A8-8D7E-4E40-97E4-4BC502C69411}.Release|Any CPU.ActiveCfg = Release|Any CPU
		{A6CAE1A8-8D7E-4E40-97E4-4BC502C69411}.Release|Any CPU.Build.0 = Release|Any CPU
	EndGlobalSection
	GlobalSection(SolutionProperties) = preSolution
		HideSolutionNode = FALSE
	EndGlobalSection
	GlobalSection(ExtensibilityGlobals) = postSolution
		SolutionGuid = {E9A61F44-CB7C-4080-86C4-C262FDCA0A87}
	EndGlobalSection
EndGlobal
