
Microsoft Visual Studio Solution File, Format Version 12.00
# Visual Studio Version 17
VisualStudioVersion = 17.5.33627.172
MinimumVisualStudioVersion = 10.0.40219.1
Project("{FAE04EC0-301F-11D3-BF4B-00C04F79EFBC}") = "ProjetoAula18", "ProjetoAula18\ProjetoAula18.csproj", "{AE9BF2FD-EC14-4AC0-A445-2B9A6D52579F}"
EndProject
Global
	GlobalSection(SolutionConfigurationPlatforms) = preSolution
		Debug|Any CPU = Debug|Any CPU
		Release|Any CPU = Release|Any CPU
	EndGlobalSection
	GlobalSection(ProjectConfigurationPlatforms) = postSolution
		{AE9BF2FD-EC14-4AC0-A445-2B9A6D52579F}.Debug|Any CPU.ActiveCfg = Debug|Any CPU
		{AE9BF2FD-EC14-4AC0-A445-2B9A6D52579F}.Debug|Any CPU.Build.0 = Debug|Any CPU
		{AE9BF2FD-EC14-4AC0-A445-2B9A6D52579F}.Release|Any CPU.ActiveCfg = Release|Any CPU
		{AE9BF2FD-EC14-4AC0-A445-2B9A6D52579F}.Release|Any CPU.Build.0 = Release|Any CPU
	EndGlobalSection
	GlobalSection(SolutionProperties) = preSolution
		HideSolutionNode = FALSE
	EndGlobalSection
	GlobalSection(ExtensibilityGlobals) = postSolution
		SolutionGuid = {117090A5-1B26-48EB-AFA2-319EAD6CDA18}
	EndGlobalSection
EndGlobal
