
Microsoft Visual Studio Solution File, Format Version 12.00
# Visual Studio Version 17
VisualStudioVersion = 17.5.33627.172
MinimumVisualStudioVersion = 10.0.40219.1
Project("{FAE04EC0-301F-11D3-BF4B-00C04F79EFBC}") = "bee1067", "bee1067\bee1067.csproj", "{1D2E0571-E764-424B-B5F0-54BC3734C828}"
EndProject
Global
	GlobalSection(SolutionConfigurationPlatforms) = preSolution
		Debug|Any CPU = Debug|Any CPU
		Release|Any CPU = Release|Any CPU
	EndGlobalSection
	GlobalSection(ProjectConfigurationPlatforms) = postSolution
		{1D2E0571-E764-424B-B5F0-54BC3734C828}.Debug|Any CPU.ActiveCfg = Debug|Any CPU
		{1D2E0571-E764-424B-B5F0-54BC3734C828}.Debug|Any CPU.Build.0 = Debug|Any CPU
		{1D2E0571-E764-424B-B5F0-54BC3734C828}.Release|Any CPU.ActiveCfg = Release|Any CPU
		{1D2E0571-E764-424B-B5F0-54BC3734C828}.Release|Any CPU.Build.0 = Release|Any CPU
	EndGlobalSection
	GlobalSection(SolutionProperties) = preSolution
		HideSolutionNode = FALSE
	EndGlobalSection
	GlobalSection(ExtensibilityGlobals) = postSolution
		SolutionGuid = {D83F4EF5-9E21-4A70-9222-AB1D8D638CAC}
	EndGlobalSection
EndGlobal
