
Microsoft Visual Studio Solution File, Format Version 12.00
# Visual Studio Version 17
VisualStudioVersion = 17.5.33627.172
MinimumVisualStudioVersion = 10.0.40219.1
Project("{FAE04EC0-301F-11D3-BF4B-00C04F79EFBC}") = "bee1072", "bee1072\bee1072.csproj", "{C3F9F0B2-3B4F-44AA-A671-33EB42B31BF7}"
EndProject
Global
	GlobalSection(SolutionConfigurationPlatforms) = preSolution
		Debug|Any CPU = Debug|Any CPU
		Release|Any CPU = Release|Any CPU
	EndGlobalSection
	GlobalSection(ProjectConfigurationPlatforms) = postSolution
		{C3F9F0B2-3B4F-44AA-A671-33EB42B31BF7}.Debug|Any CPU.ActiveCfg = Debug|Any CPU
		{C3F9F0B2-3B4F-44AA-A671-33EB42B31BF7}.Debug|Any CPU.Build.0 = Debug|Any CPU
		{C3F9F0B2-3B4F-44AA-A671-33EB42B31BF7}.Release|Any CPU.ActiveCfg = Release|Any CPU
		{C3F9F0B2-3B4F-44AA-A671-33EB42B31BF7}.Release|Any CPU.Build.0 = Release|Any CPU
	EndGlobalSection
	GlobalSection(SolutionProperties) = preSolution
		HideSolutionNode = FALSE
	EndGlobalSection
	GlobalSection(ExtensibilityGlobals) = postSolution
		SolutionGuid = {16B5F312-EBA5-47DE-A42B-A64DD4A379B1}
	EndGlobalSection
EndGlobal
