
Microsoft Visual Studio Solution File, Format Version 12.00
# Visual Studio Version 17
VisualStudioVersion = 17.5.33627.172
MinimumVisualStudioVersion = 10.0.40219.1
Project("{FAE04EC0-301F-11D3-BF4B-00C04F79EFBC}") = "ExercicioAula25", "ExercicioAula25\ExercicioAula25.csproj", "{42CEC0F5-D99E-4B26-85AE-D56B5A188A19}"
EndProject
Global
	GlobalSection(SolutionConfigurationPlatforms) = preSolution
		Debug|Any CPU = Debug|Any CPU
		Release|Any CPU = Release|Any CPU
	EndGlobalSection
	GlobalSection(ProjectConfigurationPlatforms) = postSolution
		{42CEC0F5-D99E-4B26-85AE-D56B5A188A19}.Debug|Any CPU.ActiveCfg = Debug|Any CPU
		{42CEC0F5-D99E-4B26-85AE-D56B5A188A19}.Debug|Any CPU.Build.0 = Debug|Any CPU
		{42CEC0F5-D99E-4B26-85AE-D56B5A188A19}.Release|Any CPU.ActiveCfg = Release|Any CPU
		{42CEC0F5-D99E-4B26-85AE-D56B5A188A19}.Release|Any CPU.Build.0 = Release|Any CPU
	EndGlobalSection
	GlobalSection(SolutionProperties) = preSolution
		HideSolutionNode = FALSE
	EndGlobalSection
	GlobalSection(ExtensibilityGlobals) = postSolution
		SolutionGuid = {A8C32CD1-F83F-47D3-A519-836745CAC266}
	EndGlobalSection
EndGlobal
