
Microsoft Visual Studio Solution File, Format Version 12.00
# Visual Studio Version 17
VisualStudioVersion = 17.5.33627.172
MinimumVisualStudioVersion = 10.0.40219.1
Project("{FAE04EC0-301F-11D3-BF4B-00C04F79EFBC}") = "bee1073", "bee1073\bee1073.csproj", "{8B616931-9848-4705-A47E-084C99FA2379}"
EndProject
Global
	GlobalSection(SolutionConfigurationPlatforms) = preSolution
		Debug|Any CPU = Debug|Any CPU
		Release|Any CPU = Release|Any CPU
	EndGlobalSection
	GlobalSection(ProjectConfigurationPlatforms) = postSolution
		{8B616931-9848-4705-A47E-084C99FA2379}.Debug|Any CPU.ActiveCfg = Debug|Any CPU
		{8B616931-9848-4705-A47E-084C99FA2379}.Debug|Any CPU.Build.0 = Debug|Any CPU
		{8B616931-9848-4705-A47E-084C99FA2379}.Release|Any CPU.ActiveCfg = Release|Any CPU
		{8B616931-9848-4705-A47E-084C99FA2379}.Release|Any CPU.Build.0 = Release|Any CPU
	EndGlobalSection
	GlobalSection(SolutionProperties) = preSolution
		HideSolutionNode = FALSE
	EndGlobalSection
	GlobalSection(ExtensibilityGlobals) = postSolution
		SolutionGuid = {4F7E9BE3-69FA-46BB-ACC0-9D6E156B6A7B}
	EndGlobalSection
EndGlobal
