
Microsoft Visual Studio Solution File, Format Version 12.00
# Visual Studio Version 17
VisualStudioVersion = 17.5.33627.172
MinimumVisualStudioVersion = 10.0.40219.1
Project("{FAE04EC0-301F-11D3-BF4B-00C04F79EFBC}") = "aula67Exerc03", "aula67Exerc03\aula67Exerc03.csproj", "{0CDC8588-4A8F-436A-89D9-6F08F7A8320D}"
EndProject
Global
	GlobalSection(SolutionConfigurationPlatforms) = preSolution
		Debug|Any CPU = Debug|Any CPU
		Release|Any CPU = Release|Any CPU
	EndGlobalSection
	GlobalSection(ProjectConfigurationPlatforms) = postSolution
		{0CDC8588-4A8F-436A-89D9-6F08F7A8320D}.Debug|Any CPU.ActiveCfg = Debug|Any CPU
		{0CDC8588-4A8F-436A-89D9-6F08F7A8320D}.Debug|Any CPU.Build.0 = Debug|Any CPU
		{0CDC8588-4A8F-436A-89D9-6F08F7A8320D}.Release|Any CPU.ActiveCfg = Release|Any CPU
		{0CDC8588-4A8F-436A-89D9-6F08F7A8320D}.Release|Any CPU.Build.0 = Release|Any CPU
	EndGlobalSection
	GlobalSection(SolutionProperties) = preSolution
		HideSolutionNode = FALSE
	EndGlobalSection
	GlobalSection(ExtensibilityGlobals) = postSolution
		SolutionGuid = {D253062C-9195-4F44-8CBA-2EC3BC6723E1}
	EndGlobalSection
EndGlobal
