
Microsoft Visual Studio Solution File, Format Version 12.00
# Visual Studio Version 17
VisualStudioVersion = 17.5.33627.172
MinimumVisualStudioVersion = 10.0.40219.1
Project("{FAE04EC0-301F-11D3-BF4B-00C04F79EFBC}") = "aula54", "aula54\aula54.csproj", "{78FF5087-3D7F-4142-B12C-B2373030BE3D}"
EndProject
Global
	GlobalSection(SolutionConfigurationPlatforms) = preSolution
		Debug|Any CPU = Debug|Any CPU
		Release|Any CPU = Release|Any CPU
	EndGlobalSection
	GlobalSection(ProjectConfigurationPlatforms) = postSolution
		{78FF5087-3D7F-4142-B12C-B2373030BE3D}.Debug|Any CPU.ActiveCfg = Debug|Any CPU
		{78FF5087-3D7F-4142-B12C-B2373030BE3D}.Debug|Any CPU.Build.0 = Debug|Any CPU
		{78FF5087-3D7F-4142-B12C-B2373030BE3D}.Release|Any CPU.ActiveCfg = Release|Any CPU
		{78FF5087-3D7F-4142-B12C-B2373030BE3D}.Release|Any CPU.Build.0 = Release|Any CPU
	EndGlobalSection
	GlobalSection(SolutionProperties) = preSolution
		HideSolutionNode = FALSE
	EndGlobalSection
	GlobalSection(ExtensibilityGlobals) = postSolution
		SolutionGuid = {33216EAD-F2C8-4F53-9026-FEEC2DD900E6}
	EndGlobalSection
EndGlobal
