
Microsoft Visual Studio Solution File, Format Version 12.00
# Visual Studio Version 17
VisualStudioVersion = 17.5.33627.172
MinimumVisualStudioVersion = 10.0.40219.1
Project("{FAE04EC0-301F-11D3-BF4B-00C04F79EFBC}") = "BEE1118", "BEE1118\BEE1118.csproj", "{A0110E68-FB30-4B31-AC59-31540F84F61E}"
EndProject
Global
	GlobalSection(SolutionConfigurationPlatforms) = preSolution
		Debug|Any CPU = Debug|Any CPU
		Release|Any CPU = Release|Any CPU
	EndGlobalSection
	GlobalSection(ProjectConfigurationPlatforms) = postSolution
		{A0110E68-FB30-4B31-AC59-31540F84F61E}.Debug|Any CPU.ActiveCfg = Debug|Any CPU
		{A0110E68-FB30-4B31-AC59-31540F84F61E}.Debug|Any CPU.Build.0 = Debug|Any CPU
		{A0110E68-FB30-4B31-AC59-31540F84F61E}.Release|Any CPU.ActiveCfg = Release|Any CPU
		{A0110E68-FB30-4B31-AC59-31540F84F61E}.Release|Any CPU.Build.0 = Release|Any CPU
	EndGlobalSection
	GlobalSection(SolutionProperties) = preSolution
		HideSolutionNode = FALSE
	EndGlobalSection
	GlobalSection(ExtensibilityGlobals) = postSolution
		SolutionGuid = {EAB88DEA-2C1E-4692-A7F2-5C35803F76F0}
	EndGlobalSection
EndGlobal
