
Microsoft Visual Studio Solution File, Format Version 12.00
# Visual Studio Version 17
VisualStudioVersion = 17.5.33627.172
MinimumVisualStudioVersion = 10.0.40219.1
Project("{FAE04EC0-301F-11D3-BF4B-00C04F79EFBC}") = "vetoresExerc09", "vetoresExerc09\vetoresExerc09.csproj", "{EA59DFBA-C100-4CF4-A25B-2A4D777995EA}"
EndProject
Global
	GlobalSection(SolutionConfigurationPlatforms) = preSolution
		Debug|Any CPU = Debug|Any CPU
		Release|Any CPU = Release|Any CPU
	EndGlobalSection
	GlobalSection(ProjectConfigurationPlatforms) = postSolution
		{EA59DFBA-C100-4CF4-A25B-2A4D777995EA}.Debug|Any CPU.ActiveCfg = Debug|Any CPU
		{EA59DFBA-C100-4CF4-A25B-2A4D777995EA}.Debug|Any CPU.Build.0 = Debug|Any CPU
		{EA59DFBA-C100-4CF4-A25B-2A4D777995EA}.Release|Any CPU.ActiveCfg = Release|Any CPU
		{EA59DFBA-C100-4CF4-A25B-2A4D777995EA}.Release|Any CPU.Build.0 = Release|Any CPU
	EndGlobalSection
	GlobalSection(SolutionProperties) = preSolution
		HideSolutionNode = FALSE
	EndGlobalSection
	GlobalSection(ExtensibilityGlobals) = postSolution
		SolutionGuid = {76A33906-1F45-4D57-82FC-DBB5CB8628E2}
	EndGlobalSection
EndGlobal
